
Microsoft Visual Studio Solution File, Format Version 12.00
# Visual Studio Version 16
VisualStudioVersion = 16.0.31313.79
MinimumVisualStudioVersion = 10.0.40219.1
Project("{9A19103F-16F7-4668-BE54-9A1E7A4F7556}") = "InfoTrackWebSearch", "InfoTrackWebSearch\InfoTrackWebSearch.csproj", "{EB3EEB17-16F6-4320-A46B-0C5C66FC1D11}"
EndProject
Project("{FAE04EC0-301F-11D3-BF4B-00C04F79EFBC}") = "XUnitTestWebSearch", "XUnitTestWebSearch\XUnitTestWebSearch.csproj", "{1634B44B-BD8D-48F2-97EF-B0833A6FFFF5}"
EndProject
Global
	GlobalSection(SolutionConfigurationPlatforms) = preSolution
		Debug|Any CPU = Debug|Any CPU
		Release|Any CPU = Release|Any CPU
	EndGlobalSection
	GlobalSection(ProjectConfigurationPlatforms) = postSolution
		{EB3EEB17-16F6-4320-A46B-0C5C66FC1D11}.Debug|Any CPU.ActiveCfg = Debug|Any CPU
		{EB3EEB17-16F6-4320-A46B-0C5C66FC1D11}.Debug|Any CPU.Build.0 = Debug|Any CPU
		{EB3EEB17-16F6-4320-A46B-0C5C66FC1D11}.Release|Any CPU.ActiveCfg = Release|Any CPU
		{EB3EEB17-16F6-4320-A46B-0C5C66FC1D11}.Release|Any CPU.Build.0 = Release|Any CPU
		{1634B44B-BD8D-48F2-97EF-B0833A6FFFF5}.Debug|Any CPU.ActiveCfg = Debug|Any CPU
		{1634B44B-BD8D-48F2-97EF-B0833A6FFFF5}.Debug|Any CPU.Build.0 = Debug|Any CPU
		{1634B44B-BD8D-48F2-97EF-B0833A6FFFF5}.Release|Any CPU.ActiveCfg = Release|Any CPU
		{1634B44B-BD8D-48F2-97EF-B0833A6FFFF5}.Release|Any CPU.Build.0 = Release|Any CPU
	EndGlobalSection
	GlobalSection(SolutionProperties) = preSolution
		HideSolutionNode = FALSE
	EndGlobalSection
	GlobalSection(ExtensibilityGlobals) = postSolution
		SolutionGuid = {07409193-A8AB-4B62-8743-2A5413899D35}
	EndGlobalSection
EndGlobal
